
Microsoft Visual Studio Solution File, Format Version 12.00
# Visual Studio Version 17
VisualStudioVersion = 17.4.33213.308
MinimumVisualStudioVersion = 10.0.40219.1
Project("{8BC9CEB8-8B4A-11D0-8D11-00A0C91BC942}") = "chapter1", "chapter1\chapter1.vcxproj", "{8C85CD80-7F70-42F8-B1E4-E95BB05C6E89}"
EndProject
Project("{8BC9CEB8-8B4A-11D0-8D11-00A0C91BC942}") = "chapter2", "chapter2\chapter2.vcxproj", "{613410C9-A634-436B-BFF3-B002FFA2A5A5}"
EndProject
Project("{8BC9CEB8-8B4A-11D0-8D11-00A0C91BC942}") = "chapter3", "chapter3\chapter3.vcxproj", "{8F38FE7E-0D57-4A40-8F81-A4FF9D598BFD}"
EndProject
Project("{8BC9CEB8-8B4A-11D0-8D11-00A0C91BC942}") = "chapter4", "chapter4\chapter4.vcxproj", "{5DB49D56-CD08-4EDD-AD6A-A97C37854E4C}"
EndProject
Project("{8BC9CEB8-8B4A-11D0-8D11-00A0C91BC942}") = "chapter5", "chapter5\chapter5.vcxproj", "{4A6A8FAB-5881-4D4A-88FB-8A4D415F9784}"
EndProject
Project("{8BC9CEB8-8B4A-11D0-8D11-00A0C91BC942}") = "chapterO", "chapterO\chapterO.vcxproj", "{C5A854D1-1ED7-468A-A06C-C87A8DF5A6DE}"
EndProject
Project("{8BC9CEB8-8B4A-11D0-8D11-00A0C91BC942}") = "chapter6", "chapter6\chapter6.vcxproj", "{72F4958E-ABBD-421B-9340-287F5DA0663F}"
EndProject
Project("{8BC9CEB8-8B4A-11D0-8D11-00A0C91BC942}") = "chapter7", "chapter7\chapter7.vcxproj", "{EA3F2DAE-240F-4DCE-AC9E-11744CEFBED5}"
EndProject
Global
	GlobalSection(SolutionConfigurationPlatforms) = preSolution
		Debug|x64 = Debug|x64
		Debug|x86 = Debug|x86
		Release|x64 = Release|x64
		Release|x86 = Release|x86
	EndGlobalSection
	GlobalSection(ProjectConfigurationPlatforms) = postSolution
		{8C85CD80-7F70-42F8-B1E4-E95BB05C6E89}.Debug|x64.ActiveCfg = Debug|x64
		{8C85CD80-7F70-42F8-B1E4-E95BB05C6E89}.Debug|x64.Build.0 = Debug|x64
		{8C85CD80-7F70-42F8-B1E4-E95BB05C6E89}.Debug|x86.ActiveCfg = Debug|Win32
		{8C85CD80-7F70-42F8-B1E4-E95BB05C6E89}.Debug|x86.Build.0 = Debug|Win32
		{8C85CD80-7F70-42F8-B1E4-E95BB05C6E89}.Release|x64.ActiveCfg = Release|x64
		{8C85CD80-7F70-42F8-B1E4-E95BB05C6E89}.Release|x64.Build.0 = Release|x64
		{8C85CD80-7F70-42F8-B1E4-E95BB05C6E89}.Release|x86.ActiveCfg = Release|Win32
		{8C85CD80-7F70-42F8-B1E4-E95BB05C6E89}.Release|x86.Build.0 = Release|Win32
		{613410C9-A634-436B-BFF3-B002FFA2A5A5}.Debug|x64.ActiveCfg = Debug|x64
		{613410C9-A634-436B-BFF3-B002FFA2A5A5}.Debug|x64.Build.0 = Debug|x64
		{613410C9-A634-436B-BFF3-B002FFA2A5A5}.Debug|x86.ActiveCfg = Debug|Win32
		{613410C9-A634-436B-BFF3-B002FFA2A5A5}.Debug|x86.Build.0 = Debug|Win32
		{613410C9-A634-436B-BFF3-B002FFA2A5A5}.Release|x64.ActiveCfg = Release|x64
		{613410C9-A634-436B-BFF3-B002FFA2A5A5}.Release|x64.Build.0 = Release|x64
		{613410C9-A634-436B-BFF3-B002FFA2A5A5}.Release|x86.ActiveCfg = Release|Win32
		{613410C9-A634-436B-BFF3-B002FFA2A5A5}.Release|x86.Build.0 = Release|Win32
		{8F38FE7E-0D57-4A40-8F81-A4FF9D598BFD}.Debug|x64.ActiveCfg = Debug|x64
		{8F38FE7E-0D57-4A40-8F81-A4FF9D598BFD}.Debug|x64.Build.0 = Debug|x64
		{8F38FE7E-0D57-4A40-8F81-A4FF9D598BFD}.Debug|x86.ActiveCfg = Debug|Win32
		{8F38FE7E-0D57-4A40-8F81-A4FF9D598BFD}.Debug|x86.Build.0 = Debug|Win32
		{8F38FE7E-0D57-4A40-8F81-A4FF9D598BFD}.Release|x64.ActiveCfg = Release|x64
		{8F38FE7E-0D57-4A40-8F81-A4FF9D598BFD}.Release|x64.Build.0 = Release|x64
		{8F38FE7E-0D57-4A40-8F81-A4FF9D598BFD}.Release|x86.ActiveCfg = Release|Win32
		{8F38FE7E-0D57-4A40-8F81-A4FF9D598BFD}.Release|x86.Build.0 = Release|Win32
		{5DB49D56-CD08-4EDD-AD6A-A97C37854E4C}.Debug|x64.ActiveCfg = Debug|x64
		{5DB49D56-CD08-4EDD-AD6A-A97C37854E4C}.Debug|x64.Build.0 = Debug|x64
		{5DB49D56-CD08-4EDD-AD6A-A97C37854E4C}.Debug|x86.ActiveCfg = Debug|Win32
		{5DB49D56-CD08-4EDD-AD6A-A97C37854E4C}.Debug|x86.Build.0 = Debug|Win32
		{5DB49D56-CD08-4EDD-AD6A-A97C37854E4C}.Release|x64.ActiveCfg = Release|x64
		{5DB49D56-CD08-4EDD-AD6A-A97C37854E4C}.Release|x64.Build.0 = Release|x64
		{5DB49D56-CD08-4EDD-AD6A-A97C37854E4C}.Release|x86.ActiveCfg = Release|Win32
		{5DB49D56-CD08-4EDD-AD6A-A97C37854E4C}.Release|x86.Build.0 = Release|Win32
		{4A6A8FAB-5881-4D4A-88FB-8A4D415F9784}.Debug|x64.ActiveCfg = Debug|x64
		{4A6A8FAB-5881-4D4A-88FB-8A4D415F9784}.Debug|x64.Build.0 = Debug|x64
		{4A6A8FAB-5881-4D4A-88FB-8A4D415F9784}.Debug|x86.ActiveCfg = Debug|Win32
		{4A6A8FAB-5881-4D4A-88FB-8A4D415F9784}.Debug|x86.Build.0 = Debug|Win32
		{4A6A8FAB-5881-4D4A-88FB-8A4D415F9784}.Release|x64.ActiveCfg = Release|x64
		{4A6A8FAB-5881-4D4A-88FB-8A4D415F9784}.Release|x64.Build.0 = Release|x64
		{4A6A8FAB-5881-4D4A-88FB-8A4D415F9784}.Release|x86.ActiveCfg = Release|Win32
		{4A6A8FAB-5881-4D4A-88FB-8A4D415F9784}.Release|x86.Build.0 = Release|Win32
		{C5A854D1-1ED7-468A-A06C-C87A8DF5A6DE}.Debug|x64.ActiveCfg = Debug|x64
		{C5A854D1-1ED7-468A-A06C-C87A8DF5A6DE}.Debug|x64.Build.0 = Debug|x64
		{C5A854D1-1ED7-468A-A06C-C87A8DF5A6DE}.Debug|x86.ActiveCfg = Debug|Win32
		{C5A854D1-1ED7-468A-A06C-C87A8DF5A6DE}.Debug|x86.Build.0 = Debug|Win32
		{C5A854D1-1ED7-468A-A06C-C87A8DF5A6DE}.Release|x64.ActiveCfg = Release|x64
		{C5A854D1-1ED7-468A-A06C-C87A8DF5A6DE}.Release|x64.Build.0 = Release|x64
		{C5A854D1-1ED7-468A-A06C-C87A8DF5A6DE}.Release|x86.ActiveCfg = Release|Win32
		{C5A854D1-1ED7-468A-A06C-C87A8DF5A6DE}.Release|x86.Build.0 = Release|Win32
		{72F4958E-ABBD-421B-9340-287F5DA0663F}.Debug|x64.ActiveCfg = Debug|x64
		{72F4958E-ABBD-421B-9340-287F5DA0663F}.Debug|x64.Build.0 = Debug|x64
		{72F4958E-ABBD-421B-9340-287F5DA0663F}.Debug|x86.ActiveCfg = Debug|Win32
		{72F4958E-ABBD-421B-9340-287F5DA0663F}.Debug|x86.Build.0 = Debug|Win32
		{72F4958E-ABBD-421B-9340-287F5DA0663F}.Release|x64.ActiveCfg = Release|x64
		{72F4958E-ABBD-421B-9340-287F5DA0663F}.Release|x64.Build.0 = Release|x64
		{72F4958E-ABBD-421B-9340-287F5DA0663F}.Release|x86.ActiveCfg = Release|Win32
		{72F4958E-ABBD-421B-9340-287F5DA0663F}.Release|x86.Build.0 = Release|Win32
		{EA3F2DAE-240F-4DCE-AC9E-11744CEFBED5}.Debug|x64.ActiveCfg = Debug|x64
		{EA3F2DAE-240F-4DCE-AC9E-11744CEFBED5}.Debug|x64.Build.0 = Debug|x64
		{EA3F2DAE-240F-4DCE-AC9E-11744CEFBED5}.Debug|x86.ActiveCfg = Debug|Win32
		{EA3F2DAE-240F-4DCE-AC9E-11744CEFBED5}.Debug|x86.Build.0 = Debug|Win32
		{EA3F2DAE-240F-4DCE-AC9E-11744CEFBED5}.Release|x64.ActiveCfg = Release|x64
		{EA3F2DAE-240F-4DCE-AC9E-11744CEFBED5}.Release|x64.Build.0 = Release|x64
		{EA3F2DAE-240F-4DCE-AC9E-11744CEFBED5}.Release|x86.ActiveCfg = Release|Win32
		{EA3F2DAE-240F-4DCE-AC9E-11744CEFBED5}.Release|x86.Build.0 = Release|Win32
	EndGlobalSection
	GlobalSection(SolutionProperties) = preSolution
		HideSolutionNode = FALSE
	EndGlobalSection
	GlobalSection(ExtensibilityGlobals) = postSolution
		SolutionGuid = {D9241EE3-E356-41AD-86C1-41B0E6A619BD}
	EndGlobalSection
EndGlobal
